
Microsoft Visual Studio Solution File, Format Version 12.00
# Visual Studio Version 17
VisualStudioVersion = 17.1.32421.90
MinimumVisualStudioVersion = 10.0.40219.1
Project("{FAE04EC0-301F-11D3-BF4B-00C04F79EFBC}") = "SendGridFluentEmailSender", "SendGridFluentEmailSender\SendGridFluentEmailSender.csproj", "{3971D7EE-FD9F-443B-A2A9-44A721BE6C87}"
EndProject
Global
	GlobalSection(SolutionConfigurationPlatforms) = preSolution
		Debug|Any CPU = Debug|Any CPU
		Release|Any CPU = Release|Any CPU
	EndGlobalSection
	GlobalSection(ProjectConfigurationPlatforms) = postSolution
		{3971D7EE-FD9F-443B-A2A9-44A721BE6C87}.Debug|Any CPU.ActiveCfg = Debug|Any CPU
		{3971D7EE-FD9F-443B-A2A9-44A721BE6C87}.Debug|Any CPU.Build.0 = Debug|Any CPU
		{3971D7EE-FD9F-443B-A2A9-44A721BE6C87}.Release|Any CPU.ActiveCfg = Release|Any CPU
		{3971D7EE-FD9F-443B-A2A9-44A721BE6C87}.Release|Any CPU.Build.0 = Release|Any CPU
	EndGlobalSection
	GlobalSection(SolutionProperties) = preSolution
		HideSolutionNode = FALSE
	EndGlobalSection
	GlobalSection(ExtensibilityGlobals) = postSolution
		SolutionGuid = {071DA27A-E783-4AF8-B68C-C3A3845AF0EE}
	EndGlobalSection
EndGlobal
